Microsoft Visual Studio Solution File, Format Version 11.00
# Visual Studio 2008

Project("{F757A984-C9AA-9194-95C7-84F161008F3B}") = "Match3", "Assembly-CSharp.csproj", "{B6F049EB-439F-80BB-E5E4-CA562DF38555}"
EndProject
Project("{F757A984-C9AA-9194-95C7-84F161008F3B}") = "Match3", "Assembly-CSharp-Editor.csproj", "{33D451E9-8B9A-4CC2-361D-2804AE574E53}"
EndProject
Global
	GlobalSection(SolutionConfigurationPlatforms) = preSolution
		Debug|Any CPU = Debug|Any CPU
		Release|Any CPU = Release|Any CPU
	EndGlobalSection
	GlobalSection(ProjectConfigurationPlatforms) = postSolution
		{B6F049EB-439F-80BB-E5E4-CA562DF38555}.Debug|Any CPU.ActiveCfg = Debug|Any CPU
		{B6F049EB-439F-80BB-E5E4-CA562DF38555}.Debug|Any CPU.Build.0 = Debug|Any CPU
		{B6F049EB-439F-80BB-E5E4-CA562DF38555}.Release|Any CPU.ActiveCfg = Release|Any CPU
		{B6F049EB-439F-80BB-E5E4-CA562DF38555}.Release|Any CPU.Build.0 = Release|Any CPU
		{33D451E9-8B9A-4CC2-361D-2804AE574E53}.Debug|Any CPU.ActiveCfg = Debug|Any CPU
		{33D451E9-8B9A-4CC2-361D-2804AE574E53}.Debug|Any CPU.Build.0 = Debug|Any CPU
		{33D451E9-8B9A-4CC2-361D-2804AE574E53}.Release|Any CPU.ActiveCfg = Release|Any CPU
		{33D451E9-8B9A-4CC2-361D-2804AE574E53}.Release|Any CPU.Build.0 = Release|Any CPU
	EndGlobalSection
	GlobalSection(SolutionProperties) = preSolution
		HideSolutionNode = FALSE
	EndGlobalSection
	GlobalSection(MonoDevelopProperties) = preSolution
		StartupItem = Assembly-CSharp.csproj
	EndGlobalSection
EndGlobal
