
Microsoft Visual Studio Solution File, Format Version 12.00
# Visual Studio 2015
Project("{FAE04EC0-301F-11D3-BF4B-00C04F79EFBC}") = "Football Battle.CSharp", "Football Battle.CSharp.csproj", "{BCCBB8F6-1946-52AA-97C1-B179BAA9D81B}"
EndProject
Project("{FAE04EC0-301F-11D3-BF4B-00C04F79EFBC}") = "Football Battle.CSharp.Editor", "Football Battle.CSharp.Editor.csproj", "{FF3E15B7-4D83-04A5-7FF5-18948C587B85}"
EndProject
Global
	GlobalSection(SolutionConfigurationPlatforms) = preSolution
		Debug|Any CPU = Debug|Any CPU
		Release|Any CPU = Release|Any CPU
	EndGlobalSection
	GlobalSection(ProjectConfigurationPlatforms) = postSolution
		{BCCBB8F6-1946-52AA-97C1-B179BAA9D81B}.Debug|Any CPU.ActiveCfg = Debug|Any CPU
		{BCCBB8F6-1946-52AA-97C1-B179BAA9D81B}.Debug|Any CPU.Build.0 = Debug|Any CPU
		{BCCBB8F6-1946-52AA-97C1-B179BAA9D81B}.Release|Any CPU.ActiveCfg = Release|Any CPU
		{BCCBB8F6-1946-52AA-97C1-B179BAA9D81B}.Release|Any CPU.Build.0 = Release|Any CPU
		{FF3E15B7-4D83-04A5-7FF5-18948C587B85}.Debug|Any CPU.ActiveCfg = Debug|Any CPU
		{FF3E15B7-4D83-04A5-7FF5-18948C587B85}.Debug|Any CPU.Build.0 = Debug|Any CPU
		{FF3E15B7-4D83-04A5-7FF5-18948C587B85}.Release|Any CPU.ActiveCfg = Release|Any CPU
		{FF3E15B7-4D83-04A5-7FF5-18948C587B85}.Release|Any CPU.Build.0 = Release|Any CPU
	EndGlobalSection
	GlobalSection(SolutionProperties) = preSolution
		HideSolutionNode = FALSE
	EndGlobalSection
EndGlobal
